// !$*UTF8*$!
{
	archiveVersion = 1;
	classes = {
	};
	objectVersion = 46;
	objects = {

/* Begin PBXBuildFile section */
		051CDAB21D4D589A00345208 /* AppDelegate.swift in Sources */ = {isa = PBXBuildFile; fileRef = 051CDAB11D4D589A00345208 /* AppDelegate.swift */; };
		051CDAB41D4D589A00345208 /* ViewController.swift in Sources */ = {isa = PBXBuildFile; fileRef = 051CDAB31D4D589A00345208 /* ViewController.swift */; };
		051CDAB71D4D589A00345208 /* Main.storyboard in Resources */ = {isa = PBXBuildFile; fileRef = 051CDAB51D4D589A00345208 /* Main.storyboard */; };
		051CDABA1D4D589A00345208 /* TwitterDemo.xcdatamodeld in Sources */ = {isa = PBXBuildFile; fileRef = 051CDAB81D4D589A00345208 /* TwitterDemo.xcdatamodeld */; };
		051CDABC1D4D589A00345208 /* Assets.xcassets in Resources */ = {isa = PBXBuildFile; fileRef = 051CDABB1D4D589A00345208 /* Assets.xcassets */; };
		051CDABF1D4D589A00345208 /* LaunchScreen.storyboard in Resources */ = {isa = PBXBuildFile; fileRef = 051CDABD1D4D589A00345208 /* LaunchScreen.storyboard */; };
		05D6716A1D4D61DB0045A8A5 /* LoginViewController.swift in Sources */ = {isa = PBXBuildFile; fileRef = 05D671691D4D61DB0045A8A5 /* LoginViewController.swift */; };
		05D6716E1D4F0A330045A8A5 /* User.swift in Sources */ = {isa = PBXBuildFile; fileRef = 05D6716D1D4F0A330045A8A5 /* User.swift */; };
		05D671701D4F0A410045A8A5 /* Tweet.swift in Sources */ = {isa = PBXBuildFile; fileRef = 05D6716F1D4F0A410045A8A5 /* Tweet.swift */; };
		2B2385C284A56857482D5C07 /* Pods_TwitterDemo.framework in Frameworks */ = {isa = PBXBuildFile; fileRef = 1C0D459CE194C70FDB641DD9 /* Pods_TwitterDemo.framework */; };
/* End PBXBuildFile section */

/* Begin PBXFileReference section */
		051CDAAE1D4D589A00345208 /* TwitterDemo.app */ = {isa = PBXFileReference; explicitFileType = wrapper.application; includeInIndex = 0; path = TwitterDemo.app; sourceTree = BUILT_PRODUCTS_DIR; };
		051CDAB11D4D589A00345208 /* AppDelegate.swift */ = {isa = PBXFileReference; lastKnownFileType = sourcecode.swift; path = AppDelegate.swift; sourceTree = "<group>"; };
		051CDAB31D4D589A00345208 /* ViewController.swift */ = {isa = PBXFileReference; lastKnownFileType = sourcecode.swift; path = ViewController.swift; sourceTree = "<group>"; };
		051CDAB61D4D589A00345208 /* Base */ = {isa = PBXFileReference; lastKnownFileType = file.storyboard; name = Base; path = Base.lproj/Main.storyboard; sourceTree = "<group>"; };
		051CDAB91D4D589A00345208 /* TwitterDemo.xcdatamodel */ = {isa = PBXFileReference; lastKnownFileType = wrapper.xcdatamodel; path = TwitterDemo.xcdatamodel; sourceTree = "<group>"; };
		051CDABB1D4D589A00345208 /* Assets.xcassets */ = {isa = PBXFileReference; lastKnownFileType = folder.assetcatalog; path = Assets.xcassets; sourceTree = "<group>"; };
		051CDABE1D4D589A00345208 /* Base */ = {isa = PBXFileReference; lastKnownFileType = file.storyboard; name = Base; path = Base.lproj/LaunchScreen.storyboard; sourceTree = "<group>"; };
		051CDAC01D4D589A00345208 /* Info.plist */ = {isa = PBXFileReference; lastKnownFileType = text.plist.xml; path = Info.plist; sourceTree = "<group>"; };
		05D671691D4D61DB0045A8A5 /* LoginViewController.swift */ = {isa = PBXFileReference; fileEncoding = 4; lastKnownFileType = sourcecode.swift; path = LoginViewController.swift; sourceTree = "<group>"; };
		05D6716D1D4F0A330045A8A5 /* User.swift */ = {isa = PBXFileReference; fileEncoding = 4; lastKnownFileType = sourcecode.swift; path = User.swift; sourceTree = "<group>"; };
		05D6716F1D4F0A410045A8A5 /* Tweet.swift */ = {isa = PBXFileReference; fileEncoding = 4; lastKnownFileType = sourcecode.swift; path = Tweet.swift; sourceTree = "<group>"; };
		1C0D459CE194C70FDB641DD9 /* Pods_TwitterDemo.framework */ = {isa = PBXFileReference; explicitFileType = wrapper.framework; includeInIndex = 0; path = Pods_TwitterDemo.framework; sourceTree = BUILT_PRODUCTS_DIR; };
		5CECFC32535499A17E650FB6 /* Pods-TwitterDemo.debug.xcconfig */ = {isa = PBXFileReference; includeInIndex = 1; lastKnownFileType = text.xcconfig; name = "Pods-TwitterDemo.debug.xcconfig"; path = "Pods/Target Support Files/Pods-TwitterDemo/Pods-TwitterDemo.debug.xcconfig"; sourceTree = "<group>"; };
		E76548FE9C851F7000CAE3EA /* Pods-TwitterDemo.release.xcconfig */ = {isa = PBXFileReference; includeInIndex = 1; lastKnownFileType = text.xcconfig; name = "Pods-TwitterDemo.release.xcconfig"; path = "Pods/Target Support Files/Pods-TwitterDemo/Pods-TwitterDemo.release.xcconfig"; sourceTree = "<group>"; };
/* End PBXFileReference section */

/* Begin PBXFrameworksBuildPhase section */
		051CDAAB1D4D589A00345208 /* Frameworks */ = {
			isa = PBXFrameworksBuildPhase;
			buildActionMask = 2147483647;
			files = (
				2B2385C284A56857482D5C07 /* Pods_TwitterDemo.framework in Frameworks */,
			);
			runOnlyForDeploymentPostprocessing = 0;
		};
/* End PBXFrameworksBuildPhase section */

/* Begin PBXGroup section */
		051CDAA51D4D589A00345208 = {
			isa = PBXGroup;
			children = (
				051CDAB01D4D589A00345208 /* TwitterDemo */,
				051CDAAF1D4D589A00345208 /* Products */,
				86F1B17A4E6554C978FCBE63 /* Pods */,
				B0D918051D9F72E6566EF974 /* Frameworks */,
			);
			sourceTree = "<group>";
		};
		051CDAAF1D4D589A00345208 /* Products */ = {
			isa = PBXGroup;
			children = (
				051CDAAE1D4D589A00345208 /* TwitterDemo.app */,
			);
			name = Products;
			sourceTree = "<group>";
		};
		051CDAB01D4D589A00345208 /* TwitterDemo */ = {
			isa = PBXGroup;
			children = (
				05D6716C1D4F0A0B0045A8A5 /* View Controllers */,
				05D6716B1D4F0A050045A8A5 /* Models */,
				051CDAB11D4D589A00345208 /* AppDelegate.swift */,
				051CDAB51D4D589A00345208 /* Main.storyboard */,
				051CDABB1D4D589A00345208 /* Assets.xcassets */,
				051CDABD1D4D589A00345208 /* LaunchScreen.storyboard */,
				051CDAC01D4D589A00345208 /* Info.plist */,
				051CDAB81D4D589A00345208 /* TwitterDemo.xcdatamodeld */,
			);
			path = TwitterDemo;
			sourceTree = "<group>";
		};
		05D6716B1D4F0A050045A8A5 /* Models */ = {
			isa = PBXGroup;
			children = (
				05D6716D1D4F0A330045A8A5 /* User.swift */,
				05D6716F1D4F0A410045A8A5 /* Tweet.swift */,
			);
			name = Models;
			sourceTree = "<group>";
		};
		05D6716C1D4F0A0B0045A8A5 /* View Controllers */ = {
			isa = PBXGroup;
			children = (
				05D671691D4D61DB0045A8A5 /* LoginViewController.swift */,
				051CDAB31D4D589A00345208 /* ViewController.swift */,
			);
			name = "View Controllers";
			sourceTree = "<group>";
		};
		86F1B17A4E6554C978FCBE63 /* Pods */ = {
			isa = PBXGroup;
			children = (
				5CECFC32535499A17E650FB6 /* Pods-TwitterDemo.debug.xcconfig */,
				E76548FE9C851F7000CAE3EA /* Pods-TwitterDemo.release.xcconfig */,
			);
			name = Pods;
			sourceTree = "<group>";
		};
		B0D918051D9F72E6566EF974 /* Frameworks */ = {
			isa = PBXGroup;
			children = (
				1C0D459CE194C70FDB641DD9 /* Pods_TwitterDemo.framework */,
			);
			name = Frameworks;
			sourceTree = "<group>";
		};
/* End PBXGroup section */

/* Begin PBXNativeTarget section */
		051CDAAD1D4D589A00345208 /* TwitterDemo */ = {
			isa = PBXNativeTarget;
			buildConfigurationList = 051CDAC31D4D589A00345208 /* Build configuration list for PBXNativeTarget "TwitterDemo" */;
			buildPhases = (
				37F4CE927F633860019D5F8E /* [CP] Check Pods Manifest.lock */,
				051CDAAA1D4D589A00345208 /* Sources */,
				051CDAAB1D4D589A00345208 /* Frameworks */,
				051CDAAC1D4D589A00345208 /* Resources */,
				1C05E17462F12123E4005F6D /* [CP] Embed Pods Frameworks */,
				53224788FA9A5A03641FBA2C /* [CP] Copy Pods Resources */,
			);
			buildRules = (
			);
			dependencies = (
			);
			name = TwitterDemo;
			productName = TwitterDemo;
			productReference = 051CDAAE1D4D589A00345208 /* TwitterDemo.app */;
			productType = "com.apple.product-type.application";
		};
/* End PBXNativeTarget section */

/* Begin PBXProject section */
		051CDAA61D4D589A00345208 /* Project object */ = {
			isa = PBXProject;
			attributes = {
				LastSwiftUpdateCheck = 0730;
				LastUpgradeCheck = 0730;
				ORGANIZATIONNAME = "Rajiv Deshmukh";
				TargetAttributes = {
					051CDAAD1D4D589A00345208 = {
						CreatedOnToolsVersion = 7.3.1;
					};
				};
			};
			buildConfigurationList = 051CDAA91D4D589A00345208 /* Build configuration list for PBXProject "TwitterDemo" */;
			compatibilityVersion = "Xcode 3.2";
			developmentRegion = English;
			hasScannedForEncodings = 0;
			knownRegions = (
				en,
				Base,
			);
			mainGroup = 051CDAA51D4D589A00345208;
			productRefGroup = 051CDAAF1D4D589A00345208 /* Products */;
			projectDirPath = "";
			projectRoot = "";
			targets = (
				051CDAAD1D4D589A00345208 /* TwitterDemo */,
			);
		};
/* End PBXProject section */

/* Begin PBXResourcesBuildPhase section */
		051CDAAC1D4D589A00345208 /* Resources */ = {
			isa = PBXResourcesBuildPhase;
			buildActionMask = 2147483647;
			files = (
				051CDABF1D4D589A00345208 /* LaunchScreen.storyboard in Resources */,
				051CDABC1D4D589A00345208 /* Assets.xcassets in Resources */,
				051CDAB71D4D589A00345208 /* Main.storyboard in Resources */,
			);
			runOnlyForDeploymentPostprocessing = 0;
		};
/* End PBXResourcesBuildPhase section */

/* Begin PBXShellScriptBuildPhase section */
		1C05E17462F12123E4005F6D /* [CP] Embed Pods Frameworks */ = {
			isa = PBXShellScriptBuildPhase;
			buildActionMask = 2147483647;
			files = (
			);
			inputPaths = (
			);
			name = "[CP] Embed Pods Frameworks";
			outputPaths = (
			);
			runOnlyForDeploymentPostprocessing = 0;
			shellPath = /bin/sh;
			shellScript = "\"${SRCROOT}/Pods/Target Support Files/Pods-TwitterDemo/Pods-TwitterDemo-frameworks.sh\"\n";
			showEnvVarsInLog = 0;
		};
		37F4CE927F633860019D5F8E /* [CP] Check Pods Manifest.lock */ = {
			isa = PBXShellScriptBuildPhase;
			buildActionMask = 2147483647;
			files = (
			);
			inputPaths = (
			);
			name = "[CP] Check Pods Manifest.lock";
			outputPaths = (
			);
			runOnlyForDeploymentPostprocessing = 0;
			shellPath = /bin/sh;
			shellScript = "diff \"${PODS_ROOT}/../Podfile.lock\" \"${PODS_ROOT}/Manifest.lock\" > /dev/null\nif [[ $? != 0 ]] ; then\n    cat << EOM\nerror: The sandbox is not in sync with the Podfile.lock. Run 'pod install' or update your CocoaPods installation.\nEOM\n    exit 1\nfi\n";
			showEnvVarsInLog = 0;
		};
		53224788FA9A5A03641FBA2C /* [CP] Copy Pods Resources */ = {
			isa = PBXShellScriptBuildPhase;
			buildActionMask = 2147483647;
			files = (
			);
			inputPaths = (
			);
			name = "[CP] Copy Pods Resources";
			outputPaths = (
			);
			runOnlyForDeploymentPostprocessing = 0;
			shellPath = /bin/sh;
			shellScript = "\"${SRCROOT}/Pods/Target Support Files/Pods-TwitterDemo/Pods-TwitterDemo-resources.sh\"\n";
			showEnvVarsInLog = 0;
		};
/* End PBXShellScriptBuildPhase section */

/* Begin PBXSourcesBuildPhase section */
		051CDAAA1D4D589A00345208 /* Sources */ = {
			isa = PBXSourcesBuildPhase;
			buildActionMask = 2147483647;
			files = (
				05D6716A1D4D61DB0045A8A5 /* LoginViewController.swift in Sources */,
				051CDABA1D4D589A00345208 /* TwitterDemo.xcdatamodeld in Sources */,
				051CDAB41D4D589A00345208 /* ViewController.swift in Sources */,
				05D671701D4F0A410045A8A5 /* Tweet.swift in Sources */,
				05D6716E1D4F0A330045A8A5 /* User.swift in Sources */,
				051CDAB21D4D589A00345208 /* AppDelegate.swift in Sources */,
			);
			runOnlyForDeploymentPostprocessing = 0;
		};
/* End PBXSourcesBuildPhase section */

/* Begin PBXVariantGroup section */
		051CDAB51D4D589A00345208 /* Main.storyboard */ = {
			isa = PBXVariantGroup;
			children = (
				051CDAB61D4D589A00345208 /* Base */,
			);
			name = Main.storyboard;
			sourceTree = "<group>";
		};
		051CDABD1D4D589A00345208 /* LaunchScreen.storyboard */ = {
			isa = PBXVariantGroup;
			children = (
				051CDABE1D4D589A00345208 /* Base */,
			);
			name = LaunchScreen.storyboard;
			sourceTree = "<group>";
		};
/* End PBXVariantGroup section */

/* Begin XCBuildConfiguration section */
		051CDAC11D4D589A00345208 /* Debug */ = {
			isa = XCBuildConfiguration;
			buildSettings = {
				ALWAYS_SEARCH_USER_PATHS = NO;
				CLANG_ANALYZER_NONNULL = YES;
				CLANG_CXX_LANGUAGE_STANDARD = "gnu++0x";
				CLANG_CXX_LIBRARY = "libc++";
				CLANG_ENABLE_MODULES = YES;
				CLANG_ENABLE_OBJC_ARC = YES;
				CLANG_WARN_BOOL_CONVERSION = YES;
				CLANG_WARN_CONSTANT_CONVERSION = YES;
				CLANG_WARN_DIRECT_OBJC_ISA_USAGE = YES_ERROR;
				CLANG_WARN_EMPTY_BODY = YES;
				CLANG_WARN_ENUM_CONVERSION = YES;
				CLANG_WARN_INT_CONVERSION = YES;
				CLANG_WARN_OBJC_ROOT_CLASS = YES_ERROR;
				CLANG_WARN_UNREACHABLE_CODE = YES;
				CLANG_WARN__DUPLICATE_METHOD_MATCH = YES;
				"CODE_SIGN_IDENTITY[sdk=iphoneos*]" = "iPhone Developer";
				COPY_PHASE_STRIP = NO;
				DEBUG_INFORMATION_FORMAT = dwarf;
				ENABLE_STRICT_OBJC_MSGSEND = YES;
				ENABLE_TESTABILITY = YES;
				GCC_C_LANGUAGE_STANDARD = gnu99;
				GCC_DYNAMIC_NO_PIC = NO;
				GCC_NO_COMMON_BLOCKS = YES;
				GCC_OPTIMIZATION_LEVEL = 0;
				GCC_PREPROCESSOR_DEFINITIONS = (
					"DEBUG=1",
					"$(inherited)",
				);
				GCC_WARN_64_TO_32_BIT_CONVERSION = YES;
				GCC_WARN_ABOUT_RETURN_TYPE = YES_ERROR;
				GCC_WARN_UNDECLARED_SELECTOR = YES;
				GCC_WARN_UNINITIALIZED_AUTOS = YES_AGGRESSIVE;
				GCC_WARN_UNUSED_FUNCTION = YES;
				GCC_WARN_UNUSED_VARIABLE = YES;
				IPHONEOS_DEPLOYMENT_TARGET = 9.3;
				MTL_ENABLE_DEBUG_INFO = YES;
				ONLY_ACTIVE_ARCH = YES;
				SDKROOT = iphoneos;
				SWIFT_OPTIMIZATION_LEVEL = "-Onone";
			};
			name = Debug;
		};
		051CDAC21D4D589A00345208 /* Release */ = {
			isa = XCBuildConfiguration;
			buildSettings = {
				ALWAYS_SEARCH_USER_PATHS = NO;
				CLANG_ANALYZER_NONNULL = YES;
				CLANG_CXX_LANGUAGE_STANDARD = "gnu++0x";
				CLANG_CXX_LIBRARY = "libc++";
				CLANG_ENABLE_MODULES = YES;
				CLANG_ENABLE_OBJC_ARC = YES;
				CLANG_WARN_BOOL_CONVERSION = YES;
				CLANG_WARN_CONSTANT_CONVERSION = YES;
				CLANG_WARN_DIRECT_OBJC_ISA_USAGE = YES_ERROR;
				CLANG_WARN_EMPTY_BODY = YES;
				CLANG_WARN_ENUM_CONVERSION = YES;
				CLANG_WARN_INT_CONVERSION = YES;
				CLANG_WARN_OBJC_ROOT_CLASS = YES_ERROR;
				CLANG_WARN_UNREACHABLE_CODE = YES;
				CLANG_WARN__DUPLICATE_METHOD_MATCH = YES;
				"CODE_SIGN_IDENTITY[sdk=iphoneos*]" = "iPhone Developer";
				COPY_PHASE_STRIP = NO;
				DEBUG_INFORMATION_FORMAT = "dwarf-with-dsym";
				ENABLE_NS_ASSERTIONS = NO;
				ENABLE_STRICT_OBJC_MSGSEND = YES;
				GCC_C_LANGUAGE_STANDARD = gnu99;
				GCC_NO_COMMON_BLOCKS = YES;
				GCC_WARN_64_TO_32_BIT_CONVERSION = YES;
				GCC_WARN_ABOUT_RETURN_TYPE = YES_ERROR;
				GCC_WARN_UNDECLARED_SELECTOR = YES;
				GCC_WARN_UNINITIALIZED_AUTOS = YES_AGGRESSIVE;
				GCC_WARN_UNUSED_FUNCTION = YES;
				GCC_WARN_UNUSED_VARIABLE = YES;
				IPHONEOS_DEPLOYMENT_TARGET = 9.3;
				MTL_ENABLE_DEBUG_INFO = NO;
				SDKROOT = iphoneos;
				VALIDATE_PRODUCT = YES;
			};
			name = Release;
		};
		051CDAC41D4D589A00345208 /* Debug */ = {
			isa = XCBuildConfiguration;
			baseConfigurationReference = 5CECFC32535499A17E650FB6 /* Pods-TwitterDemo.debug.xcconfig */;
			buildSettings = {
				ASSETCATALOG_COMPILER_APPICON_NAME = AppIcon;
				INFOPLIST_FILE = TwitterDemo/Info.plist;
				LD_RUNPATH_SEARCH_PATHS = "$(inherited) @executable_path/Frameworks";
				PRODUCT_BUNDLE_IDENTIFIER = com.codepath.TwitterDemo;
				PRODUCT_NAME = "$(TARGET_NAME)";
			};
			name = Debug;
		};
		051CDAC51D4D589A00345208 /* Release */ = {
			isa = XCBuildConfiguration;
			baseConfigurationReference = E76548FE9C851F7000CAE3EA /* Pods-TwitterDemo.release.xcconfig */;
			buildSettings = {
				ASSETCATALOG_COMPILER_APPICON_NAME = AppIcon;
				INFOPLIST_FILE = TwitterDemo/Info.plist;
				LD_RUNPATH_SEARCH_PATHS = "$(inherited) @executable_path/Frameworks";
				PRODUCT_BUNDLE_IDENTIFIER = com.codepath.TwitterDemo;
				PRODUCT_NAME = "$(TARGET_NAME)";
			};
			name = Release;
		};
/* End XCBuildConfiguration section */

/* Begin XCConfigurationList section */
		051CDAA91D4D589A00345208 /* Build configuration list for PBXProject "TwitterDemo" */ = {
			isa = XCConfigurationList;
			buildConfigurations = (
				051CDAC11D4D589A00345208 /* Debug */,
				051CDAC21D4D589A00345208 /* Release */,
			);
			defaultConfigurationIsVisible = 0;
			defaultConfigurationName = Release;
		};
		051CDAC31D4D589A00345208 /* Build configuration list for PBXNativeTarget "TwitterDemo" */ = {
			isa = XCConfigurationList;
			buildConfigurations = (
				051CDAC41D4D589A00345208 /* Debug */,
				051CDAC51D4D589A00345208 /* Release */,
			);
			defaultConfigurationIsVisible = 0;
			defaultConfigurationName = Release;
		};
/* End XCConfigurationList section */

/* Begin XCVersionGroup section */
		051CDAB81D4D589A00345208 /* TwitterDemo.xcdatamodeld */ = {
			isa = XCVersionGroup;
			children = (
				051CDAB91D4D589A00345208 /* TwitterDemo.xcdatamodel */,
			);
			currentVersion = 051CDAB91D4D589A00345208 /* TwitterDemo.xcdatamodel */;
			path = TwitterDemo.xcdatamodeld;
			sourceTree = "<group>";
			versionGroupType = wrapper.xcdatamodel;
		};
/* End XCVersionGroup section */
	};
	rootObject = 051CDAA61D4D589A00345208 /* Project object */;
}
